
Microsoft Visual Studio Solution File, Format Version 12.00
# Visual Studio 14
VisualStudioVersion = 14.0.25420.1
MinimumVisualStudioVersion = 10.0.40219.1
Project("{FAE04EC0-301F-11D3-BF4B-00C04F79EFBC}") = "ChallengeOne", "ChallengeOne\ChallengeOne.csproj", "{ACD2CBED-9273-487E-9766-3D0AD0D41A68}"
EndProject
Project("{FAE04EC0-301F-11D3-BF4B-00C04F79EFBC}") = "DLLManager", "DLLManager\DLLManager.csproj", "{029671B4-925A-4222-A755-9425B3D12EA1}"
EndProject
Global
	GlobalSection(SolutionConfigurationPlatforms) = preSolution
		Debug|Any CPU = Debug|Any CPU
		Debug|x64 = Debug|x64
		Debug|x86 = Debug|x86
		Release|Any CPU = Release|Any CPU
		Release|x64 = Release|x64
		Release|x86 = Release|x86
	EndGlobalSection
	GlobalSection(ProjectConfigurationPlatforms) = postSolution
		{ACD2CBED-9273-487E-9766-3D0AD0D41A68}.Debug|Any CPU.ActiveCfg = Debug|Any CPU
		{ACD2CBED-9273-487E-9766-3D0AD0D41A68}.Debug|Any CPU.Build.0 = Debug|Any CPU
		{ACD2CBED-9273-487E-9766-3D0AD0D41A68}.Debug|x64.ActiveCfg = Debug|x64
		{ACD2CBED-9273-487E-9766-3D0AD0D41A68}.Debug|x64.Build.0 = Debug|x64
		{ACD2CBED-9273-487E-9766-3D0AD0D41A68}.Debug|x86.ActiveCfg = Debug|x86
		{ACD2CBED-9273-487E-9766-3D0AD0D41A68}.Debug|x86.Build.0 = Debug|x86
		{ACD2CBED-9273-487E-9766-3D0AD0D41A68}.Release|Any CPU.ActiveCfg = Release|Any CPU
		{ACD2CBED-9273-487E-9766-3D0AD0D41A68}.Release|Any CPU.Build.0 = Release|Any CPU
		{ACD2CBED-9273-487E-9766-3D0AD0D41A68}.Release|x64.ActiveCfg = Release|x64
		{ACD2CBED-9273-487E-9766-3D0AD0D41A68}.Release|x64.Build.0 = Release|x64
		{ACD2CBED-9273-487E-9766-3D0AD0D41A68}.Release|x86.ActiveCfg = Release|x86
		{ACD2CBED-9273-487E-9766-3D0AD0D41A68}.Release|x86.Build.0 = Release|x86
		{029671B4-925A-4222-A755-9425B3D12EA1}.Debug|Any CPU.ActiveCfg = Debug|Any CPU
		{029671B4-925A-4222-A755-9425B3D12EA1}.Debug|Any CPU.Build.0 = Debug|Any CPU
		{029671B4-925A-4222-A755-9425B3D12EA1}.Debug|x64.ActiveCfg = Debug|Any CPU
		{029671B4-925A-4222-A755-9425B3D12EA1}.Debug|x64.Build.0 = Debug|Any CPU
		{029671B4-925A-4222-A755-9425B3D12EA1}.Debug|x86.ActiveCfg = Debug|x86
		{029671B4-925A-4222-A755-9425B3D12EA1}.Debug|x86.Build.0 = Debug|x86
		{029671B4-925A-4222-A755-9425B3D12EA1}.Release|Any CPU.ActiveCfg = Release|Any CPU
		{029671B4-925A-4222-A755-9425B3D12EA1}.Release|Any CPU.Build.0 = Release|Any CPU
		{029671B4-925A-4222-A755-9425B3D12EA1}.Release|x64.ActiveCfg = Release|Any CPU
		{029671B4-925A-4222-A755-9425B3D12EA1}.Release|x64.Build.0 = Release|Any CPU
		{029671B4-925A-4222-A755-9425B3D12EA1}.Release|x86.ActiveCfg = Release|x86
		{029671B4-925A-4222-A755-9425B3D12EA1}.Release|x86.Build.0 = Release|x86
	EndGlobalSection
	GlobalSection(SolutionProperties) = preSolution
		HideSolutionNode = FALSE
	EndGlobalSection
EndGlobal
